PODS:
  - Nimble (7.3.1)
  - Quick (1.3.2)
  - SnapKit (4.0.1)

DEPENDENCIES:
  - Nimble (~> 7.3.1)
  - Quick (~> 1.3.2)
  - SnapKit (~> 4.0.0)

SPEC REPOS:
  https://github.com/CocoaPods/Specs.git:
    - Nimble
    - Quick
    - SnapKit

SPEC CHECKSUMS:
  Nimble: 04f732da099ea4d153122aec8c2a88fd0c7219ae
  Quick: 2623cb30d7a7f41ca62f684f679586558f483d46
  SnapKit: 0de968a9fec17499afa29683b05d0c775b6d1c29

PODFILE CHECKSUM: 14489d38b0980855eca2cc9f747e94c1b31ef727

COCOAPODS: 1.5.0
